
Microsoft Visual Studio Solution File, Format Version 12.00
# Visual Studio Version 17
VisualStudioVersion = 17.13.35913.81
MinimumVisualStudioVersion = 10.0.40219.1
Project("{FAE04EC0-301F-11D3-BF4B-00C04F79EFBC}") = "Customers.Management.Domain", "src\Customers.Management.Domain\Customers.Management.Domain.csproj", "{083EB43B-8527-567C-B047-FE5F9ECD99EA}"
EndProject
Project("{FAE04EC0-301F-11D3-BF4B-00C04F79EFBC}") = "Customers.Management.Infra", "src\Customers.Management.Infra\Customers.Management.Infra.csproj", "{36203DF2-E776-D6D7-75D1-38D279F17E08}"
EndProject
Project("{FAE04EC0-301F-11D3-BF4B-00C04F79EFBC}") = "Customers.Management.Application", "src\Customers.Management.Application\Customers.Management.Application.csproj", "{59A55553-5F53-DA55-4081-876BC2AC0C48}"
EndProject
Project("{FAE04EC0-301F-11D3-BF4B-00C04F79EFBC}") = "Customers.Management.WebApi", "src\Customers.Management.WebApi\Customers.Management.WebApi.csproj", "{266B0C15-D941-6EF0-FF02-06157E642468}"
EndProject
Project("{2150E333-8FDC-42A3-9474-1A3956D46DE8}") = "Tests", "Tests", "{02EA681E-C7D8-13C7-8484-4AC65E1B71E8}"
EndProject
Project("{FAE04EC0-301F-11D3-BF4B-00C04F79EFBC}") = "Customers.Management.WebApi.Tests", "tests\Customers.Management.WebApi.Tests\Customers.Management.WebApi.Tests.csproj", "{5E0F56EC-B8DF-4E31-BBA7-2E396C834FC8}"
EndProject
Project("{FAE04EC0-301F-11D3-BF4B-00C04F79EFBC}") = "Customers.Management.Infra.Tests", "tests\Customers.Management.Infra.Tests\Customers.Management.Infra.Tests.csproj", "{73F0A7B2-5E61-4E74-BBEB-016EC7DD7DC8}"
EndProject
Project("{FAE04EC0-301F-11D3-BF4B-00C04F79EFBC}") = "Customers.Management.Application.Tests", "tests\Customers.Management.Application.Tests\Customers.Management.Application.Tests.csproj", "{C400F7EE-F55E-45A4-BC12-547AE38BE2D2}"
EndProject
Project("{E53339B2-1760-4266-BCC7-CA923CBCF16C}") = "docker-compose", "docker-compose.dcproj", "{81DDED9D-158B-E303-5F62-77A2896D2A5A}"
EndProject
Global
	GlobalSection(SolutionConfigurationPlatforms) = preSolution
		Debug|Any CPU = Debug|Any CPU
		Release|Any CPU = Release|Any CPU
	EndGlobalSection
	GlobalSection(ProjectConfigurationPlatforms) = postSolution
		{083EB43B-8527-567C-B047-FE5F9ECD99EA}.Debug|Any CPU.ActiveCfg = Debug|Any CPU
		{083EB43B-8527-567C-B047-FE5F9ECD99EA}.Debug|Any CPU.Build.0 = Debug|Any CPU
		{083EB43B-8527-567C-B047-FE5F9ECD99EA}.Release|Any CPU.ActiveCfg = Release|Any CPU
		{083EB43B-8527-567C-B047-FE5F9ECD99EA}.Release|Any CPU.Build.0 = Release|Any CPU
		{36203DF2-E776-D6D7-75D1-38D279F17E08}.Debug|Any CPU.ActiveCfg = Debug|Any CPU
		{36203DF2-E776-D6D7-75D1-38D279F17E08}.Debug|Any CPU.Build.0 = Debug|Any CPU
		{36203DF2-E776-D6D7-75D1-38D279F17E08}.Release|Any CPU.ActiveCfg = Release|Any CPU
		{36203DF2-E776-D6D7-75D1-38D279F17E08}.Release|Any CPU.Build.0 = Release|Any CPU
		{59A55553-5F53-DA55-4081-876BC2AC0C48}.Debug|Any CPU.ActiveCfg = Debug|Any CPU
		{59A55553-5F53-DA55-4081-876BC2AC0C48}.Debug|Any CPU.Build.0 = Debug|Any CPU
		{59A55553-5F53-DA55-4081-876BC2AC0C48}.Release|Any CPU.ActiveCfg = Release|Any CPU
		{59A55553-5F53-DA55-4081-876BC2AC0C48}.Release|Any CPU.Build.0 = Release|Any CPU
		{266B0C15-D941-6EF0-FF02-06157E642468}.Debug|Any CPU.ActiveCfg = Debug|Any CPU
		{266B0C15-D941-6EF0-FF02-06157E642468}.Debug|Any CPU.Build.0 = Debug|Any CPU
		{266B0C15-D941-6EF0-FF02-06157E642468}.Release|Any CPU.ActiveCfg = Release|Any CPU
		{266B0C15-D941-6EF0-FF02-06157E642468}.Release|Any CPU.Build.0 = Release|Any CPU
		{5E0F56EC-B8DF-4E31-BBA7-2E396C834FC8}.Debug|Any CPU.ActiveCfg = Debug|Any CPU
		{5E0F56EC-B8DF-4E31-BBA7-2E396C834FC8}.Debug|Any CPU.Build.0 = Debug|Any CPU
		{5E0F56EC-B8DF-4E31-BBA7-2E396C834FC8}.Release|Any CPU.ActiveCfg = Release|Any CPU
		{5E0F56EC-B8DF-4E31-BBA7-2E396C834FC8}.Release|Any CPU.Build.0 = Release|Any CPU
		{73F0A7B2-5E61-4E74-BBEB-016EC7DD7DC8}.Debug|Any CPU.ActiveCfg = Debug|Any CPU
		{73F0A7B2-5E61-4E74-BBEB-016EC7DD7DC8}.Debug|Any CPU.Build.0 = Debug|Any CPU
		{73F0A7B2-5E61-4E74-BBEB-016EC7DD7DC8}.Release|Any CPU.ActiveCfg = Release|Any CPU
		{73F0A7B2-5E61-4E74-BBEB-016EC7DD7DC8}.Release|Any CPU.Build.0 = Release|Any CPU
		{C400F7EE-F55E-45A4-BC12-547AE38BE2D2}.Debug|Any CPU.ActiveCfg = Debug|Any CPU
		{C400F7EE-F55E-45A4-BC12-547AE38BE2D2}.Debug|Any CPU.Build.0 = Debug|Any CPU
		{C400F7EE-F55E-45A4-BC12-547AE38BE2D2}.Release|Any CPU.ActiveCfg = Release|Any CPU
		{C400F7EE-F55E-45A4-BC12-547AE38BE2D2}.Release|Any CPU.Build.0 = Release|Any CPU
		{81DDED9D-158B-E303-5F62-77A2896D2A5A}.Debug|Any CPU.ActiveCfg = Debug|Any CPU
		{81DDED9D-158B-E303-5F62-77A2896D2A5A}.Debug|Any CPU.Build.0 = Debug|Any CPU
		{81DDED9D-158B-E303-5F62-77A2896D2A5A}.Release|Any CPU.ActiveCfg = Release|Any CPU
		{81DDED9D-158B-E303-5F62-77A2896D2A5A}.Release|Any CPU.Build.0 = Release|Any CPU
	EndGlobalSection
	GlobalSection(SolutionProperties) = preSolution
		HideSolutionNode = FALSE
	EndGlobalSection
	GlobalSection(NestedProjects) = preSolution
		{5E0F56EC-B8DF-4E31-BBA7-2E396C834FC8} = {02EA681E-C7D8-13C7-8484-4AC65E1B71E8}
		{73F0A7B2-5E61-4E74-BBEB-016EC7DD7DC8} = {02EA681E-C7D8-13C7-8484-4AC65E1B71E8}
		{C400F7EE-F55E-45A4-BC12-547AE38BE2D2} = {02EA681E-C7D8-13C7-8484-4AC65E1B71E8}
	EndGlobalSection
	GlobalSection(ExtensibilityGlobals) = postSolution
		SolutionGuid = {A9AC55BA-7C75-4AE3-B1EE-0505EBCC4B19}
	EndGlobalSection
EndGlobal
